
Microsoft Visual Studio Solution File, Format Version 12.00
# Visual Studio 14
VisualStudioVersion = 14.0.23107.0
MinimumVisualStudioVersion = 10.0.40219.1
Project("{FAE04EC0-301F-11D3-BF4B-00C04F79EFBC}") = "RedisReact", "RedisReact\RedisReact\RedisReact.csproj", "{27D04601-8961-4E78-9120-80BB03161D8F}"
EndProject
Project("{FAE04EC0-301F-11D3-BF4B-00C04F79EFBC}") = "RedisReact.AppWinForms", "RedisReact\RedisReact.AppWinForms\RedisReact.AppWinForms.csproj", "{F9B1D93D-9B2F-428F-BAEC-3C00BF0953A6}"
EndProject
Project("{FAE04EC0-301F-11D3-BF4B-00C04F79EFBC}") = "RedisReact.AppConsole", "RedisReact\RedisReact.AppConsole\RedisReact.AppConsole.csproj", "{7ED66812-4A54-41C1-9EE2-61DE05FA11FA}"
EndProject
Project("{FAE04EC0-301F-11D3-BF4B-00C04F79EFBC}") = "RedisReact.Resources", "RedisReact\RedisReact.Resources\RedisReact.Resources.csproj", "{34A40FF2-67DC-4BED-BC54-74CD303DFC6D}"
EndProject
Project("{FAE04EC0-301F-11D3-BF4B-00C04F79EFBC}") = "RedisReact.ServiceModel", "RedisReact\RedisReact.ServiceModel\RedisReact.ServiceModel.csproj", "{8ACAEC26-7705-4927-9E00-0217C7ADDC53}"
EndProject
Project("{FAE04EC0-301F-11D3-BF4B-00C04F79EFBC}") = "RedisReact.ServiceInterface", "RedisReact\RedisReact.ServiceInterface\RedisReact.ServiceInterface.csproj", "{30A709D5-9F64-467E-9851-9AA94CBBD3D2}"
EndProject
Project("{FAE04EC0-301F-11D3-BF4B-00C04F79EFBC}") = "RedisReact.Tests", "RedisReact\RedisReact.Tests\RedisReact.Tests.csproj", "{B1665387-EF91-4CA0-82BB-66E5781ED800}"
EndProject
Global
	GlobalSection(SolutionConfigurationPlatforms) = preSolution
		Debug|Any CPU = Debug|Any CPU
		Debug|x86 = Debug|x86
		Release|Any CPU = Release|Any CPU
		Release|x86 = Release|x86
	EndGlobalSection
	GlobalSection(ProjectConfigurationPlatforms) = postSolution
		{27D04601-8961-4E78-9120-80BB03161D8F}.Debug|Any CPU.ActiveCfg = Debug|Any CPU
		{27D04601-8961-4E78-9120-80BB03161D8F}.Debug|Any CPU.Build.0 = Debug|Any CPU
		{27D04601-8961-4E78-9120-80BB03161D8F}.Debug|x86.ActiveCfg = Debug|Any CPU
		{27D04601-8961-4E78-9120-80BB03161D8F}.Debug|x86.Build.0 = Debug|Any CPU
		{27D04601-8961-4E78-9120-80BB03161D8F}.Release|Any CPU.ActiveCfg = Release|Any CPU
		{27D04601-8961-4E78-9120-80BB03161D8F}.Release|Any CPU.Build.0 = Release|Any CPU
		{27D04601-8961-4E78-9120-80BB03161D8F}.Release|x86.ActiveCfg = Release|Any CPU
		{27D04601-8961-4E78-9120-80BB03161D8F}.Release|x86.Build.0 = Release|Any CPU
		{F9B1D93D-9B2F-428F-BAEC-3C00BF0953A6}.Debug|Any CPU.ActiveCfg = Debug|Any CPU
		{F9B1D93D-9B2F-428F-BAEC-3C00BF0953A6}.Debug|Any CPU.Build.0 = Debug|Any CPU
		{F9B1D93D-9B2F-428F-BAEC-3C00BF0953A6}.Debug|x86.ActiveCfg = Debug|x86
		{F9B1D93D-9B2F-428F-BAEC-3C00BF0953A6}.Debug|x86.Build.0 = Debug|x86
		{F9B1D93D-9B2F-428F-BAEC-3C00BF0953A6}.Release|Any CPU.ActiveCfg = Release|Any CPU
		{F9B1D93D-9B2F-428F-BAEC-3C00BF0953A6}.Release|Any CPU.Build.0 = Release|Any CPU
		{F9B1D93D-9B2F-428F-BAEC-3C00BF0953A6}.Release|x86.ActiveCfg = Release|x86
		{F9B1D93D-9B2F-428F-BAEC-3C00BF0953A6}.Release|x86.Build.0 = Release|x86
		{7ED66812-4A54-41C1-9EE2-61DE05FA11FA}.Debug|Any CPU.ActiveCfg = Debug|Any CPU
		{7ED66812-4A54-41C1-9EE2-61DE05FA11FA}.Debug|Any CPU.Build.0 = Debug|Any CPU
		{7ED66812-4A54-41C1-9EE2-61DE05FA11FA}.Debug|x86.ActiveCfg = Debug|Any CPU
		{7ED66812-4A54-41C1-9EE2-61DE05FA11FA}.Debug|x86.Build.0 = Debug|Any CPU
		{7ED66812-4A54-41C1-9EE2-61DE05FA11FA}.Release|Any CPU.ActiveCfg = Release|Any CPU
		{7ED66812-4A54-41C1-9EE2-61DE05FA11FA}.Release|Any CPU.Build.0 = Release|Any CPU
		{7ED66812-4A54-41C1-9EE2-61DE05FA11FA}.Release|x86.ActiveCfg = Release|Any CPU
		{7ED66812-4A54-41C1-9EE2-61DE05FA11FA}.Release|x86.Build.0 = Release|Any CPU
		{34A40FF2-67DC-4BED-BC54-74CD303DFC6D}.Debug|Any CPU.ActiveCfg = Debug|Any CPU
		{34A40FF2-67DC-4BED-BC54-74CD303DFC6D}.Debug|Any CPU.Build.0 = Debug|Any CPU
		{34A40FF2-67DC-4BED-BC54-74CD303DFC6D}.Debug|x86.ActiveCfg = Debug|Any CPU
		{34A40FF2-67DC-4BED-BC54-74CD303DFC6D}.Debug|x86.Build.0 = Debug|Any CPU
		{34A40FF2-67DC-4BED-BC54-74CD303DFC6D}.Release|Any CPU.ActiveCfg = Release|Any CPU
		{34A40FF2-67DC-4BED-BC54-74CD303DFC6D}.Release|Any CPU.Build.0 = Release|Any CPU
		{34A40FF2-67DC-4BED-BC54-74CD303DFC6D}.Release|x86.ActiveCfg = Release|Any CPU
		{34A40FF2-67DC-4BED-BC54-74CD303DFC6D}.Release|x86.Build.0 = Release|Any CPU
		{8ACAEC26-7705-4927-9E00-0217C7ADDC53}.Debug|Any CPU.ActiveCfg = Debug|Any CPU
		{8ACAEC26-7705-4927-9E00-0217C7ADDC53}.Debug|Any CPU.Build.0 = Debug|Any CPU
		{8ACAEC26-7705-4927-9E00-0217C7ADDC53}.Debug|x86.ActiveCfg = Debug|Any CPU
		{8ACAEC26-7705-4927-9E00-0217C7ADDC53}.Debug|x86.Build.0 = Debug|Any CPU
		{8ACAEC26-7705-4927-9E00-0217C7ADDC53}.Release|Any CPU.ActiveCfg = Release|Any CPU
		{8ACAEC26-7705-4927-9E00-0217C7ADDC53}.Release|Any CPU.Build.0 = Release|Any CPU
		{8ACAEC26-7705-4927-9E00-0217C7ADDC53}.Release|x86.ActiveCfg = Release|Any CPU
		{8ACAEC26-7705-4927-9E00-0217C7ADDC53}.Release|x86.Build.0 = Release|Any CPU
		{30A709D5-9F64-467E-9851-9AA94CBBD3D2}.Debug|Any CPU.ActiveCfg = Debug|Any CPU
		{30A709D5-9F64-467E-9851-9AA94CBBD3D2}.Debug|Any CPU.Build.0 = Debug|Any CPU
		{30A709D5-9F64-467E-9851-9AA94CBBD3D2}.Debug|x86.ActiveCfg = Debug|Any CPU
		{30A709D5-9F64-467E-9851-9AA94CBBD3D2}.Debug|x86.Build.0 = Debug|Any CPU
		{30A709D5-9F64-467E-9851-9AA94CBBD3D2}.Release|Any CPU.ActiveCfg = Release|Any CPU
		{30A709D5-9F64-467E-9851-9AA94CBBD3D2}.Release|Any CPU.Build.0 = Release|Any CPU
		{30A709D5-9F64-467E-9851-9AA94CBBD3D2}.Release|x86.ActiveCfg = Release|Any CPU
		{30A709D5-9F64-467E-9851-9AA94CBBD3D2}.Release|x86.Build.0 = Release|Any CPU
		{B1665387-EF91-4CA0-82BB-66E5781ED800}.Debug|Any CPU.ActiveCfg = Debug|Any CPU
		{B1665387-EF91-4CA0-82BB-66E5781ED800}.Debug|Any CPU.Build.0 = Debug|Any CPU
		{B1665387-EF91-4CA0-82BB-66E5781ED800}.Debug|x86.ActiveCfg = Debug|Any CPU
		{B1665387-EF91-4CA0-82BB-66E5781ED800}.Debug|x86.Build.0 = Debug|Any CPU
		{B1665387-EF91-4CA0-82BB-66E5781ED800}.Release|Any CPU.ActiveCfg = Release|Any CPU
		{B1665387-EF91-4CA0-82BB-66E5781ED800}.Release|Any CPU.Build.0 = Release|Any CPU
		{B1665387-EF91-4CA0-82BB-66E5781ED800}.Release|x86.ActiveCfg = Release|Any CPU
		{B1665387-EF91-4CA0-82BB-66E5781ED800}.Release|x86.Build.0 = Release|Any CPU
	EndGlobalSection
	GlobalSection(SolutionProperties) = preSolution
		HideSolutionNode = FALSE
	EndGlobalSection
EndGlobal
