
Microsoft Visual Studio Solution File, Format Version 12.00
# Visual Studio 14
VisualStudioVersion = 14.0.23107.0
MinimumVisualStudioVersion = 10.0.40219.1
Project("{FAE04EC0-301F-11D3-BF4B-00C04F79EFBC}") = "RedisReact", "RedisReact\RedisReact\RedisReact.csproj", "{E78E217F-6804-460E-BFD1-BB3C588FD03B}"
EndProject
Project("{FAE04EC0-301F-11D3-BF4B-00C04F79EFBC}") = "RedisReact.AppWinForms", "RedisReact\RedisReact.AppWinForms\RedisReact.AppWinForms.csproj", "{2377C261-2089-490D-86F3-7030929A55BD}"
EndProject
Project("{FAE04EC0-301F-11D3-BF4B-00C04F79EFBC}") = "RedisReact.AppConsole", "RedisReact\RedisReact.AppConsole\RedisReact.AppConsole.csproj", "{D9149950-4020-40D5-A69B-F096AAAFE7B6}"
EndProject
Project("{FAE04EC0-301F-11D3-BF4B-00C04F79EFBC}") = "RedisReact.Resources", "RedisReact\RedisReact.Resources\RedisReact.Resources.csproj", "{3414E9EC-19B8-410C-AC33-F2E6D081B930}"
EndProject
Project("{FAE04EC0-301F-11D3-BF4B-00C04F79EFBC}") = "RedisReact.ServiceModel", "RedisReact\RedisReact.ServiceModel\RedisReact.ServiceModel.csproj", "{08BEF328-AB7D-48D3-800D-48ACC75C7914}"
EndProject
Project("{FAE04EC0-301F-11D3-BF4B-00C04F79EFBC}") = "RedisReact.ServiceInterface", "RedisReact\RedisReact.ServiceInterface\RedisReact.ServiceInterface.csproj", "{582DFB0F-F84D-4E43-9BCA-2A5A86600B7A}"
EndProject
Project("{FAE04EC0-301F-11D3-BF4B-00C04F79EFBC}") = "RedisReact.Tests", "RedisReact\RedisReact.Tests\RedisReact.Tests.csproj", "{B1665387-EF91-4CA0-82BB-66E5781ED800}"
EndProject
Global
	GlobalSection(SolutionConfigurationPlatforms) = preSolution
		Debug|Any CPU = Debug|Any CPU
		Debug|x86 = Debug|x86
		Release|Any CPU = Release|Any CPU
		Release|x86 = Release|x86
	EndGlobalSection
	GlobalSection(ProjectConfigurationPlatforms) = postSolution
		{E78E217F-6804-460E-BFD1-BB3C588FD03B}.Debug|Any CPU.ActiveCfg = Debug|Any CPU
		{E78E217F-6804-460E-BFD1-BB3C588FD03B}.Debug|Any CPU.Build.0 = Debug|Any CPU
		{E78E217F-6804-460E-BFD1-BB3C588FD03B}.Debug|x86.ActiveCfg = Debug|Any CPU
		{E78E217F-6804-460E-BFD1-BB3C588FD03B}.Debug|x86.Build.0 = Debug|Any CPU
		{E78E217F-6804-460E-BFD1-BB3C588FD03B}.Release|Any CPU.ActiveCfg = Release|Any CPU
		{E78E217F-6804-460E-BFD1-BB3C588FD03B}.Release|Any CPU.Build.0 = Release|Any CPU
		{E78E217F-6804-460E-BFD1-BB3C588FD03B}.Release|x86.ActiveCfg = Release|Any CPU
		{E78E217F-6804-460E-BFD1-BB3C588FD03B}.Release|x86.Build.0 = Release|Any CPU
		{2377C261-2089-490D-86F3-7030929A55BD}.Debug|Any CPU.ActiveCfg = Debug|x86
		{2377C261-2089-490D-86F3-7030929A55BD}.Debug|Any CPU.Build.0 = Debug|x86
		{2377C261-2089-490D-86F3-7030929A55BD}.Debug|x86.ActiveCfg = Debug|x86
		{2377C261-2089-490D-86F3-7030929A55BD}.Debug|x86.Build.0 = Debug|x86
		{2377C261-2089-490D-86F3-7030929A55BD}.Release|Any CPU.ActiveCfg = Release|x86
		{2377C261-2089-490D-86F3-7030929A55BD}.Release|x86.ActiveCfg = Release|x86
		{2377C261-2089-490D-86F3-7030929A55BD}.Release|x86.Build.0 = Release|x86
		{D9149950-4020-40D5-A69B-F096AAAFE7B6}.Debug|Any CPU.ActiveCfg = Debug|Any CPU
		{D9149950-4020-40D5-A69B-F096AAAFE7B6}.Debug|Any CPU.Build.0 = Debug|Any CPU
		{D9149950-4020-40D5-A69B-F096AAAFE7B6}.Debug|x86.ActiveCfg = Debug|x86
		{D9149950-4020-40D5-A69B-F096AAAFE7B6}.Debug|x86.Build.0 = Debug|x86
		{D9149950-4020-40D5-A69B-F096AAAFE7B6}.Release|Any CPU.ActiveCfg = Release|Any CPU
		{D9149950-4020-40D5-A69B-F096AAAFE7B6}.Release|Any CPU.Build.0 = Release|Any CPU
		{D9149950-4020-40D5-A69B-F096AAAFE7B6}.Release|x86.ActiveCfg = Release|x86
		{D9149950-4020-40D5-A69B-F096AAAFE7B6}.Release|x86.Build.0 = Release|x86
		{3414E9EC-19B8-410C-AC33-F2E6D081B930}.Debug|Any CPU.ActiveCfg = Debug|Any CPU
		{3414E9EC-19B8-410C-AC33-F2E6D081B930}.Debug|Any CPU.Build.0 = Debug|Any CPU
		{3414E9EC-19B8-410C-AC33-F2E6D081B930}.Debug|x86.ActiveCfg = Debug|x86
		{3414E9EC-19B8-410C-AC33-F2E6D081B930}.Debug|x86.Build.0 = Debug|x86
		{3414E9EC-19B8-410C-AC33-F2E6D081B930}.Release|Any CPU.ActiveCfg = Release|Any CPU
		{3414E9EC-19B8-410C-AC33-F2E6D081B930}.Release|Any CPU.Build.0 = Release|Any CPU
		{3414E9EC-19B8-410C-AC33-F2E6D081B930}.Release|x86.ActiveCfg = Release|x86
		{3414E9EC-19B8-410C-AC33-F2E6D081B930}.Release|x86.Build.0 = Release|x86
		{08BEF328-AB7D-48D3-800D-48ACC75C7914}.Debug|Any CPU.ActiveCfg = Debug|Any CPU
		{08BEF328-AB7D-48D3-800D-48ACC75C7914}.Debug|Any CPU.Build.0 = Debug|Any CPU
		{08BEF328-AB7D-48D3-800D-48ACC75C7914}.Debug|x86.ActiveCfg = Debug|Any CPU
		{08BEF328-AB7D-48D3-800D-48ACC75C7914}.Debug|x86.Build.0 = Debug|Any CPU
		{08BEF328-AB7D-48D3-800D-48ACC75C7914}.Release|Any CPU.ActiveCfg = Release|Any CPU
		{08BEF328-AB7D-48D3-800D-48ACC75C7914}.Release|Any CPU.Build.0 = Release|Any CPU
		{08BEF328-AB7D-48D3-800D-48ACC75C7914}.Release|x86.ActiveCfg = Release|Any CPU
		{08BEF328-AB7D-48D3-800D-48ACC75C7914}.Release|x86.Build.0 = Release|Any CPU
		{582DFB0F-F84D-4E43-9BCA-2A5A86600B7A}.Debug|Any CPU.ActiveCfg = Debug|Any CPU
		{582DFB0F-F84D-4E43-9BCA-2A5A86600B7A}.Debug|Any CPU.Build.0 = Debug|Any CPU
		{582DFB0F-F84D-4E43-9BCA-2A5A86600B7A}.Debug|x86.ActiveCfg = Debug|Any CPU
		{582DFB0F-F84D-4E43-9BCA-2A5A86600B7A}.Debug|x86.Build.0 = Debug|Any CPU
		{582DFB0F-F84D-4E43-9BCA-2A5A86600B7A}.Release|Any CPU.ActiveCfg = Release|Any CPU
		{582DFB0F-F84D-4E43-9BCA-2A5A86600B7A}.Release|Any CPU.Build.0 = Release|Any CPU
		{582DFB0F-F84D-4E43-9BCA-2A5A86600B7A}.Release|x86.ActiveCfg = Release|Any CPU
		{582DFB0F-F84D-4E43-9BCA-2A5A86600B7A}.Release|x86.Build.0 = Release|Any CPU
		{B1665387-EF91-4CA0-82BB-66E5781ED800}.Debug|Any CPU.ActiveCfg = Debug|Any CPU
		{B1665387-EF91-4CA0-82BB-66E5781ED800}.Debug|Any CPU.Build.0 = Debug|Any CPU
		{B1665387-EF91-4CA0-82BB-66E5781ED800}.Debug|x86.ActiveCfg = Debug|Any CPU
		{B1665387-EF91-4CA0-82BB-66E5781ED800}.Debug|x86.Build.0 = Debug|Any CPU
		{B1665387-EF91-4CA0-82BB-66E5781ED800}.Release|Any CPU.ActiveCfg = Release|Any CPU
		{B1665387-EF91-4CA0-82BB-66E5781ED800}.Release|Any CPU.Build.0 = Release|Any CPU
		{B1665387-EF91-4CA0-82BB-66E5781ED800}.Release|x86.ActiveCfg = Release|Any CPU
		{B1665387-EF91-4CA0-82BB-66E5781ED800}.Release|x86.Build.0 = Release|Any CPU
	EndGlobalSection
	GlobalSection(SolutionProperties) = preSolution
		HideSolutionNode = FALSE
	EndGlobalSection
EndGlobal
